	
Microsoft Visual Studio Solution File, Format Version 12.00
Project("{FAE04EC0-301F-11D3-BF4B-00C04F79EFBC}") = "Server", "Server\Server.csproj", "{F1979FF6-1DB4-4576-8D15-BF0ECEDE8118}"
EndProject
Project("{FAE04EC0-301F-11D3-BF4B-00C04F79EFBC}") = "Client", "Client\Client.csproj", "{C6837C76-2956-44CC-95D6-062B59CFF6A6}"
EndProject
Project("{D954291E-2A0B-460D-934E-DC6B0785DB48}") = "Core", "Core\Core.shproj", "{033481DD-5E09-411F-BC44-1E649116A906}"
EndProject
Global
	GlobalSection(SolutionConfigurationPlatforms) = preSolution
		Debug|Any CPU = Debug|Any CPU
		Release|Any CPU = Release|Any CPU
	EndGlobalSection
	GlobalSection(ProjectConfigurationPlatforms) = postSolution
		{F1979FF6-1DB4-4576-8D15-BF0ECEDE8118}.Debug|Any CPU.ActiveCfg = Debug|Any CPU
		{F1979FF6-1DB4-4576-8D15-BF0ECEDE8118}.Debug|Any CPU.Build.0 = Debug|Any CPU
		{F1979FF6-1DB4-4576-8D15-BF0ECEDE8118}.Release|Any CPU.ActiveCfg = Release|Any CPU
		{F1979FF6-1DB4-4576-8D15-BF0ECEDE8118}.Release|Any CPU.Build.0 = Release|Any CPU
		{C6837C76-2956-44CC-95D6-062B59CFF6A6}.Debug|Any CPU.ActiveCfg = Debug|Any CPU
		{C6837C76-2956-44CC-95D6-062B59CFF6A6}.Debug|Any CPU.Build.0 = Debug|Any CPU
		{C6837C76-2956-44CC-95D6-062B59CFF6A6}.Release|Any CPU.ActiveCfg = Release|Any CPU
		{C6837C76-2956-44CC-95D6-062B59CFF6A6}.Release|Any CPU.Build.0 = Release|Any CPU
	EndGlobalSection
EndGlobal
